
Microsoft Visual Studio Solution File, Format Version 12.00
# Visual Studio 15
VisualStudioVersion = 15.0.28307.705
MinimumVisualStudioVersion = 10.0.40219.1
Project("{FAE04EC0-301F-11D3-BF4B-00C04F79EFBC}") = "Labo4", "Labo4\Labo4.csproj", "{91FF7C63-7C45-4F85-B93C-983ED1F6172E}"
EndProject
Global
	GlobalSection(SolutionConfigurationPlatforms) = preSolution
		Debug|Any CPU = Debug|Any CPU
		Release|Any CPU = Release|Any CPU
	EndGlobalSection
	GlobalSection(ProjectConfigurationPlatforms) = postSolution
		{91FF7C63-7C45-4F85-B93C-983ED1F6172E}.Debug|Any CPU.ActiveCfg = Debug|Any CPU
		{91FF7C63-7C45-4F85-B93C-983ED1F6172E}.Debug|Any CPU.Build.0 = Debug|Any CPU
		{91FF7C63-7C45-4F85-B93C-983ED1F6172E}.Release|Any CPU.ActiveCfg = Release|Any CPU
		{91FF7C63-7C45-4F85-B93C-983ED1F6172E}.Release|Any CPU.Build.0 = Release|Any CPU
	EndGlobalSection
	GlobalSection(SolutionProperties) = preSolution
		HideSolutionNode = FALSE
	EndGlobalSection
	GlobalSection(ExtensibilityGlobals) = postSolution
		SolutionGuid = {4B827C29-D697-413E-8705-BD342561DC66}
	EndGlobalSection
EndGlobal
