
Microsoft Visual Studio Solution File, Format Version 12.00
# Visual Studio 15
VisualStudioVersion = 15.0.27703.2000
MinimumVisualStudioVersion = 10.0.40219.1
Project("{FAE04EC0-301F-11D3-BF4B-00C04F79EFBC}") = "labo8", "labo8\labo8.csproj", "{409CF169-258A-40DB-AF0E-6733BAA8DFEC}"
EndProject
Global
	GlobalSection(SolutionConfigurationPlatforms) = preSolution
		Debug|Any CPU = Debug|Any CPU
		Release|Any CPU = Release|Any CPU
	EndGlobalSection
	GlobalSection(ProjectConfigurationPlatforms) = postSolution
		{409CF169-258A-40DB-AF0E-6733BAA8DFEC}.Debug|Any CPU.ActiveCfg = Debug|Any CPU
		{409CF169-258A-40DB-AF0E-6733BAA8DFEC}.Debug|Any CPU.Build.0 = Debug|Any CPU
		{409CF169-258A-40DB-AF0E-6733BAA8DFEC}.Release|Any CPU.ActiveCfg = Release|Any CPU
		{409CF169-258A-40DB-AF0E-6733BAA8DFEC}.Release|Any CPU.Build.0 = Release|Any CPU
	EndGlobalSection
	GlobalSection(SolutionProperties) = preSolution
		HideSolutionNode = FALSE
	EndGlobalSection
	GlobalSection(ExtensibilityGlobals) = postSolution
		SolutionGuid = {09C236AA-257C-4C8A-942C-69DBC227E47E}
	EndGlobalSection
EndGlobal
