
Microsoft Visual Studio Solution File, Format Version 12.00
# Visual Studio 15
VisualStudioVersion = 15.0.28307.852
MinimumVisualStudioVersion = 10.0.40219.1
Project("{FAE04EC0-301F-11D3-BF4B-00C04F79EFBC}") = "Labo2PrepExamen", "Labo2PrepExamen\Labo2PrepExamen.csproj", "{3061476E-CA3D-4445-B583-C6101ABBF9B5}"
EndProject
Global
	GlobalSection(SolutionConfigurationPlatforms) = preSolution
		Debug|Any CPU = Debug|Any CPU
		Release|Any CPU = Release|Any CPU
	EndGlobalSection
	GlobalSection(ProjectConfigurationPlatforms) = postSolution
		{3061476E-CA3D-4445-B583-C6101ABBF9B5}.Debug|Any CPU.ActiveCfg = Debug|Any CPU
		{3061476E-CA3D-4445-B583-C6101ABBF9B5}.Debug|Any CPU.Build.0 = Debug|Any CPU
		{3061476E-CA3D-4445-B583-C6101ABBF9B5}.Release|Any CPU.ActiveCfg = Release|Any CPU
		{3061476E-CA3D-4445-B583-C6101ABBF9B5}.Release|Any CPU.Build.0 = Release|Any CPU
	EndGlobalSection
	GlobalSection(SolutionProperties) = preSolution
		HideSolutionNode = FALSE
	EndGlobalSection
	GlobalSection(ExtensibilityGlobals) = postSolution
		SolutionGuid = {574015EC-B9D2-4C1F-B48B-9C695050CA34}
	EndGlobalSection
EndGlobal
